
Microsoft Visual Studio Solution File, Format Version 12.00
# Visual Studio Version 16
VisualStudioVersion = 16.0.31410.357
MinimumVisualStudioVersion = 10.0.40219.1
Project("{FAE04EC0-301F-11D3-BF4B-00C04F79EFBC}") = "DotNetCoreConfiguration", "DotNetCoreConfiguration.csproj", "{BB3EF75B-9089-4881-B460-A3FF44AA13FA}"
EndProject
Global
	GlobalSection(SolutionConfigurationPlatforms) = preSolution
		Debug|Any CPU = Debug|Any CPU
		Release|Any CPU = Release|Any CPU
	EndGlobalSection
	GlobalSection(ProjectConfigurationPlatforms) = postSolution
		{BB3EF75B-9089-4881-B460-A3FF44AA13FA}.Debug|Any CPU.ActiveCfg = Debug|Any CPU
		{BB3EF75B-9089-4881-B460-A3FF44AA13FA}.Debug|Any CPU.Build.0 = Debug|Any CPU
		{BB3EF75B-9089-4881-B460-A3FF44AA13FA}.Release|Any CPU.ActiveCfg = Release|Any CPU
		{BB3EF75B-9089-4881-B460-A3FF44AA13FA}.Release|Any CPU.Build.0 = Release|Any CPU
	EndGlobalSection
	GlobalSection(SolutionProperties) = preSolution
		HideSolutionNode = FALSE
	EndGlobalSection
	GlobalSection(ExtensibilityGlobals) = postSolution
		SolutionGuid = {660F55CD-F06F-484F-AED7-86667E18BF89}
	EndGlobalSection
EndGlobal
